
Microsoft Visual Studio Solution File, Format Version 12.00
# Visual Studio Version 17
VisualStudioVersion = 17.10.35013.160
MinimumVisualStudioVersion = 10.0.40219.1
Project("{00D1A9C2-B5F0-4AF3-8072-F6C62B433612}") = "WallPex.DB", "WallPex.DB\WallPex.DB.sqlproj", "{1CFF4A17-A815-4C34-AB45-10584E0FADBC}"
EndProject
Project("{FAE04EC0-301F-11D3-BF4B-00C04F79EFBC}") = "WallPex.API", "WallPex.API\WallPex.API.csproj", "{0903AE86-8BB5-4B62-BF5A-2ABB40BEF2A6}"
EndProject
Project("{FAE04EC0-301F-11D3-BF4B-00C04F79EFBC}") = "WallPex.Models", "WallPex.Lib\WallPex.Models.csproj", "{EB8792D8-292A-4F13-9F8B-67898C605529}"
EndProject
Global
	GlobalSection(SolutionConfigurationPlatforms) = preSolution
		Debug|Any CPU = Debug|Any CPU
		Release|Any CPU = Release|Any CPU
	EndGlobalSection
	GlobalSection(ProjectConfigurationPlatforms) = postSolution
		{1CFF4A17-A815-4C34-AB45-10584E0FADBC}.Debug|Any CPU.ActiveCfg = Debug|Any CPU
		{1CFF4A17-A815-4C34-AB45-10584E0FADBC}.Debug|Any CPU.Build.0 = Debug|Any CPU
		{1CFF4A17-A815-4C34-AB45-10584E0FADBC}.Debug|Any CPU.Deploy.0 = Debug|Any CPU
		{1CFF4A17-A815-4C34-AB45-10584E0FADBC}.Release|Any CPU.ActiveCfg = Release|Any CPU
		{1CFF4A17-A815-4C34-AB45-10584E0FADBC}.Release|Any CPU.Build.0 = Release|Any CPU
		{1CFF4A17-A815-4C34-AB45-10584E0FADBC}.Release|Any CPU.Deploy.0 = Release|Any CPU
		{0903AE86-8BB5-4B62-BF5A-2ABB40BEF2A6}.Debug|Any CPU.ActiveCfg = Debug|Any CPU
		{0903AE86-8BB5-4B62-BF5A-2ABB40BEF2A6}.Debug|Any CPU.Build.0 = Debug|Any CPU
		{0903AE86-8BB5-4B62-BF5A-2ABB40BEF2A6}.Release|Any CPU.ActiveCfg = Release|Any CPU
		{0903AE86-8BB5-4B62-BF5A-2ABB40BEF2A6}.Release|Any CPU.Build.0 = Release|Any CPU
		{EB8792D8-292A-4F13-9F8B-67898C605529}.Debug|Any CPU.ActiveCfg = Debug|Any CPU
		{EB8792D8-292A-4F13-9F8B-67898C605529}.Debug|Any CPU.Build.0 = Debug|Any CPU
		{EB8792D8-292A-4F13-9F8B-67898C605529}.Release|Any CPU.ActiveCfg = Release|Any CPU
		{EB8792D8-292A-4F13-9F8B-67898C605529}.Release|Any CPU.Build.0 = Release|Any CPU
	EndGlobalSection
	GlobalSection(SolutionProperties) = preSolution
		HideSolutionNode = FALSE
	EndGlobalSection
	GlobalSection(ExtensibilityGlobals) = postSolution
		SolutionGuid = {B4FF64E1-B13E-4A8C-90B6-52136D081A94}
	EndGlobalSection
EndGlobal
